
Microsoft Visual Studio Solution File, Format Version 12.00
# Visual Studio Version 17
VisualStudioVersion = 17.4.33110.190
MinimumVisualStudioVersion = 10.0.40219.1
Project("{FAE04EC0-301F-11D3-BF4B-00C04F79EFBC}") = "WebApplication1", "WebApplication1\WebApplication1.csproj", "{B4EF0341-AB7E-404F-874E-24FA75E67DD1}"
EndProject
Global
	GlobalSection(SolutionConfigurationPlatforms) = preSolution
		Debug|Any CPU = Debug|Any CPU
		Release|Any CPU = Release|Any CPU
	EndGlobalSection
	GlobalSection(ProjectConfigurationPlatforms) = postSolution
		{B4EF0341-AB7E-404F-874E-24FA75E67DD1}.Debug|Any CPU.ActiveCfg = Debug|Any CPU
		{B4EF0341-AB7E-404F-874E-24FA75E67DD1}.Debug|Any CPU.Build.0 = Debug|Any CPU
		{B4EF0341-AB7E-404F-874E-24FA75E67DD1}.Release|Any CPU.ActiveCfg = Release|Any CPU
		{B4EF0341-AB7E-404F-874E-24FA75E67DD1}.Release|Any CPU.Build.0 = Release|Any CPU
	EndGlobalSection
	GlobalSection(SolutionProperties) = preSolution
		HideSolutionNode = FALSE
	EndGlobalSection
	GlobalSection(ExtensibilityGlobals) = postSolution
		SolutionGuid = {4EC396B2-CE1C-4049-A471-0A987CA4E53E}
	EndGlobalSection
EndGlobal
